{
  "name": "talk-a-tive",
  "version": "1.0.0",
  "lockfileVersion": 3,
  "requires": true,
  "packages": {
    "": {
      "name": "talk-a-tive",
      "version": "1.0.0",
      "license": "ISC",
      "dependencies": {
        "talk-a-tive": "file:"
      }
    },
    "node_modules/talk-a-tive": {
      "resolved": "",
      "link": true
    }
  }
}
